
Microsoft Visual Studio Solution File, Format Version 12.00
# Visual Studio 15
VisualStudioVersion = 15.0.27703.2042
MinimumVisualStudioVersion = 10.0.40219.1
Project("{FAE04EC0-301F-11D3-BF4B-00C04F79EFBC}") = "ConsoleApp1", "ConsoleApp1\ConsoleApp1.csproj", "{2993C25B-4939-43F9-92E0-B81CEC4F6AC7}"
EndProject
Global
	GlobalSection(SolutionConfigurationPlatforms) = preSolution
		Debug|Any CPU = Debug|Any CPU
		Release|Any CPU = Release|Any CPU
	EndGlobalSection
	GlobalSection(ProjectConfigurationPlatforms) = postSolution
		{2993C25B-4939-43F9-92E0-B81CEC4F6AC7}.Debug|Any CPU.ActiveCfg = Debug|Any CPU
		{2993C25B-4939-43F9-92E0-B81CEC4F6AC7}.Debug|Any CPU.Build.0 = Debug|Any CPU
		{2993C25B-4939-43F9-92E0-B81CEC4F6AC7}.Release|Any CPU.ActiveCfg = Release|Any CPU
		{2993C25B-4939-43F9-92E0-B81CEC4F6AC7}.Release|Any CPU.Build.0 = Release|Any CPU
	EndGlobalSection
	GlobalSection(SolutionProperties) = preSolution
		HideSolutionNode = FALSE
	EndGlobalSection
	GlobalSection(ExtensibilityGlobals) = postSolution
		SolutionGuid = {36B9AEA0-3B0F-4B9F-AF42-0C7E431B9B8B}
	EndGlobalSection
EndGlobal
